
Microsoft Visual Studio Solution File, Format Version 12.00
# Visual Studio Version 16
VisualStudioVersion = 16.0.34729.46
MinimumVisualStudioVersion = 10.0.40219.1
Project("{FAE04EC0-301F-11D3-BF4B-00C04F79EFBC}") = "APICallFirstAPI", "APICallFirstAPI\APICallFirstAPI.csproj", "{A12A0435-D0BE-4A81-8A49-49B6CF86C37A}"
EndProject
Global
	GlobalSection(SolutionConfigurationPlatforms) = preSolution
		Debug|Any CPU = Debug|Any CPU
		Release|Any CPU = Release|Any CPU
	EndGlobalSection
	GlobalSection(ProjectConfigurationPlatforms) = postSolution
		{A12A0435-D0BE-4A81-8A49-49B6CF86C37A}.Debug|Any CPU.ActiveCfg = Debug|Any CPU
		{A12A0435-D0BE-4A81-8A49-49B6CF86C37A}.Debug|Any CPU.Build.0 = Debug|Any CPU
		{A12A0435-D0BE-4A81-8A49-49B6CF86C37A}.Release|Any CPU.ActiveCfg = Release|Any CPU
		{A12A0435-D0BE-4A81-8A49-49B6CF86C37A}.Release|Any CPU.Build.0 = Release|Any CPU
	EndGlobalSection
	GlobalSection(SolutionProperties) = preSolution
		HideSolutionNode = FALSE
	EndGlobalSection
	GlobalSection(ExtensibilityGlobals) = postSolution
		SolutionGuid = {66B7723F-60C9-4944-9FA5-48DB68325ACF}
	EndGlobalSection
EndGlobal
